{
  "originHash" : "6ad1e0d3ae43bde33043d3286afc3d98e5be09945ac257218cb6a9dba14466c3",
  "pins" : [
    {
      "identity" : "confettiswiftui",
      "kind" : "remoteSourceControl",
      "location" : "https://github.com/simibac/ConfettiSwiftUI.git",
      "state" : {
        "revision" : "77ce21c82cc5fa608ac921a0dea09dd85b5432c7",
        "version" : "2.0.2"
      }
    }
  ],
  "version" : 3
}
